
Microsoft Visual Studio Solution File, Format Version 12.00
# Visual Studio Version 17
VisualStudioVersion = 17.14.36623.8 d17.14
MinimumVisualStudioVersion = 10.0.40219.1
Project("{FAE04EC0-301F-11D3-BF4B-00C04F79EFBC}") = "ProjADONET", "ProjADONET\ProjADONET.csproj", "{5707A946-9053-4C43-B985-69211FACFC0F}"
EndProject
Global
	GlobalSection(SolutionConfigurationPlatforms) = preSolution
		Debug|Any CPU = Debug|Any CPU
		Release|Any CPU = Release|Any CPU
	EndGlobalSection
	GlobalSection(ProjectConfigurationPlatforms) = postSolution
		{5707A946-9053-4C43-B985-69211FACFC0F}.Debug|Any CPU.ActiveCfg = Debug|Any CPU
		{5707A946-9053-4C43-B985-69211FACFC0F}.Debug|Any CPU.Build.0 = Debug|Any CPU
		{5707A946-9053-4C43-B985-69211FACFC0F}.Release|Any CPU.ActiveCfg = Release|Any CPU
		{5707A946-9053-4C43-B985-69211FACFC0F}.Release|Any CPU.Build.0 = Release|Any CPU
	EndGlobalSection
	GlobalSection(SolutionProperties) = preSolution
		HideSolutionNode = FALSE
	EndGlobalSection
	GlobalSection(ExtensibilityGlobals) = postSolution
		SolutionGuid = {86C5B800-C8D1-48EE-9525-A5477CA9EED2}
	EndGlobalSection
EndGlobal
